
Microsoft Visual Studio Solution File, Format Version 12.00
# Visual Studio Version 16
VisualStudioVersion = 16.0.32602.291
MinimumVisualStudioVersion = 10.0.40219.1
Project("{FAE04EC0-301F-11D3-BF4B-00C04F79EFBC}") = "Kursova", "Kursova\Kursova.csproj", "{375559A6-4E9F-41FD-9D55-D89BDD8476B5}"
EndProject
Project("{FAE04EC0-301F-11D3-BF4B-00C04F79EFBC}") = "Data", "Data\Data.csproj", "{A8A8786A-5054-4980-8AE8-B84F2B948D6C}"
EndProject
Global
	GlobalSection(SolutionConfigurationPlatforms) = preSolution
		Debug|Any CPU = Debug|Any CPU
		Release|Any CPU = Release|Any CPU
	EndGlobalSection
	GlobalSection(ProjectConfigurationPlatforms) = postSolution
		{375559A6-4E9F-41FD-9D55-D89BDD8476B5}.Debug|Any CPU.ActiveCfg = Debug|Any CPU
		{375559A6-4E9F-41FD-9D55-D89BDD8476B5}.Debug|Any CPU.Build.0 = Debug|Any CPU
		{375559A6-4E9F-41FD-9D55-D89BDD8476B5}.Release|Any CPU.ActiveCfg = Release|Any CPU
		{375559A6-4E9F-41FD-9D55-D89BDD8476B5}.Release|Any CPU.Build.0 = Release|Any CPU
		{A8A8786A-5054-4980-8AE8-B84F2B948D6C}.Debug|Any CPU.ActiveCfg = Debug|Any CPU
		{A8A8786A-5054-4980-8AE8-B84F2B948D6C}.Debug|Any CPU.Build.0 = Debug|Any CPU
		{A8A8786A-5054-4980-8AE8-B84F2B948D6C}.Release|Any CPU.ActiveCfg = Release|Any CPU
		{A8A8786A-5054-4980-8AE8-B84F2B948D6C}.Release|Any CPU.Build.0 = Release|Any CPU
	EndGlobalSection
	GlobalSection(SolutionProperties) = preSolution
		HideSolutionNode = FALSE
	EndGlobalSection
	GlobalSection(ExtensibilityGlobals) = postSolution
		SolutionGuid = {53C9C934-D03C-4DFA-955D-A96EFC4DDBD4}
	EndGlobalSection
EndGlobal
